
Microsoft Visual Studio Solution File, Format Version 12.00
# Visual Studio Version 16
VisualStudioVersion = 16.0.29418.71
MinimumVisualStudioVersion = 10.0.40219.1
Project("{FAE04EC0-301F-11D3-BF4B-00C04F79EFBC}") = "BlazoRx", "src\BlazoRx.Core.csproj", "{486505D3-B23F-4188-98A0-FB0F4CD5F5CA}"
EndProject
Project("{FAE04EC0-301F-11D3-BF4B-00C04F79EFBC}") = "BlazoRx.Core.Test", "test\BlazoRx.Core.Test.csproj", "{1917E2FD-F47D-415E-B5B4-07ECAE5E2C39}"
EndProject
Global
	GlobalSection(SolutionConfigurationPlatforms) = preSolution
		Debug|Any CPU = Debug|Any CPU
		Release|Any CPU = Release|Any CPU
	EndGlobalSection
	GlobalSection(ProjectConfigurationPlatforms) = postSolution
		{486505D3-B23F-4188-98A0-FB0F4CD5F5CA}.Debug|Any CPU.ActiveCfg = Debug|Any CPU
		{486505D3-B23F-4188-98A0-FB0F4CD5F5CA}.Debug|Any CPU.Build.0 = Debug|Any CPU
		{486505D3-B23F-4188-98A0-FB0F4CD5F5CA}.Release|Any CPU.ActiveCfg = Release|Any CPU
		{486505D3-B23F-4188-98A0-FB0F4CD5F5CA}.Release|Any CPU.Build.0 = Release|Any CPU
		{1917E2FD-F47D-415E-B5B4-07ECAE5E2C39}.Debug|Any CPU.ActiveCfg = Debug|Any CPU
		{1917E2FD-F47D-415E-B5B4-07ECAE5E2C39}.Debug|Any CPU.Build.0 = Debug|Any CPU
		{1917E2FD-F47D-415E-B5B4-07ECAE5E2C39}.Release|Any CPU.ActiveCfg = Release|Any CPU
		{1917E2FD-F47D-415E-B5B4-07ECAE5E2C39}.Release|Any CPU.Build.0 = Release|Any CPU
	EndGlobalSection
	GlobalSection(SolutionProperties) = preSolution
		HideSolutionNode = FALSE
	EndGlobalSection
	GlobalSection(ExtensibilityGlobals) = postSolution
		SolutionGuid = {AA21C4D9-FA50-455F-AEB7-C030BB16976A}
	EndGlobalSection
EndGlobal
