
Microsoft Visual Studio Solution File, Format Version 12.00
# Visual Studio Version 16
VisualStudioVersion = 16.0.29418.71
MinimumVisualStudioVersion = 10.0.40219.1
Project("{FAE04EC0-301F-11D3-BF4B-00C04F79EFBC}") = "BlazorFocused.Core", "src\BlazorFocused.Core.csproj", "{486505D3-B23F-4188-98A0-FB0F4CD5F5CA}"
EndProject
Project("{FAE04EC0-301F-11D3-BF4B-00C04F79EFBC}") = "BlazorFocused.Core.Test", "test\BlazorFocused.Core.Test.csproj", "{1917E2FD-F47D-415E-B5B4-07ECAE5E2C39}"
EndProject
Project("{FAE04EC0-301F-11D3-BF4B-00C04F79EFBC}") = "BlazorFocused.Integration.Server", "int\BlazorFocused.Integration\Server\BlazorFocused.Integration.Server.csproj", "{99D7FCB3-9E12-4751-B617-B2CDBEBF8FED}"
EndProject
Project("{FAE04EC0-301F-11D3-BF4B-00C04F79EFBC}") = "BlazorFocused.Integration.Client", "int\BlazorFocused.Integration\Client\BlazorFocused.Integration.Client.csproj", "{444993FA-33E0-4255-B928-06F1A9544342}"
EndProject
Project("{FAE04EC0-301F-11D3-BF4B-00C04F79EFBC}") = "BlazorFocused.Integration.Shared", "int\BlazorFocused.Integration\Shared\BlazorFocused.Integration.Shared.csproj", "{CAA7E4C6-83D9-4257-89A2-8E813133DAEE}"
EndProject
Global
	GlobalSection(SolutionConfigurationPlatforms) = preSolution
		Debug|Any CPU = Debug|Any CPU
		Release|Any CPU = Release|Any CPU
	EndGlobalSection
	GlobalSection(ProjectConfigurationPlatforms) = postSolution
		{486505D3-B23F-4188-98A0-FB0F4CD5F5CA}.Debug|Any CPU.ActiveCfg = Debug|Any CPU
		{486505D3-B23F-4188-98A0-FB0F4CD5F5CA}.Debug|Any CPU.Build.0 = Debug|Any CPU
		{486505D3-B23F-4188-98A0-FB0F4CD5F5CA}.Release|Any CPU.ActiveCfg = Release|Any CPU
		{486505D3-B23F-4188-98A0-FB0F4CD5F5CA}.Release|Any CPU.Build.0 = Release|Any CPU
		{1917E2FD-F47D-415E-B5B4-07ECAE5E2C39}.Debug|Any CPU.ActiveCfg = Debug|Any CPU
		{1917E2FD-F47D-415E-B5B4-07ECAE5E2C39}.Debug|Any CPU.Build.0 = Debug|Any CPU
		{1917E2FD-F47D-415E-B5B4-07ECAE5E2C39}.Release|Any CPU.ActiveCfg = Release|Any CPU
		{1917E2FD-F47D-415E-B5B4-07ECAE5E2C39}.Release|Any CPU.Build.0 = Release|Any CPU
		{99D7FCB3-9E12-4751-B617-B2CDBEBF8FED}.Debug|Any CPU.ActiveCfg = Debug|Any CPU
		{99D7FCB3-9E12-4751-B617-B2CDBEBF8FED}.Debug|Any CPU.Build.0 = Debug|Any CPU
		{99D7FCB3-9E12-4751-B617-B2CDBEBF8FED}.Release|Any CPU.ActiveCfg = Release|Any CPU
		{99D7FCB3-9E12-4751-B617-B2CDBEBF8FED}.Release|Any CPU.Build.0 = Release|Any CPU
		{444993FA-33E0-4255-B928-06F1A9544342}.Debug|Any CPU.ActiveCfg = Debug|Any CPU
		{444993FA-33E0-4255-B928-06F1A9544342}.Debug|Any CPU.Build.0 = Debug|Any CPU
		{444993FA-33E0-4255-B928-06F1A9544342}.Release|Any CPU.ActiveCfg = Release|Any CPU
		{444993FA-33E0-4255-B928-06F1A9544342}.Release|Any CPU.Build.0 = Release|Any CPU
		{CAA7E4C6-83D9-4257-89A2-8E813133DAEE}.Debug|Any CPU.ActiveCfg = Debug|Any CPU
		{CAA7E4C6-83D9-4257-89A2-8E813133DAEE}.Debug|Any CPU.Build.0 = Debug|Any CPU
		{CAA7E4C6-83D9-4257-89A2-8E813133DAEE}.Release|Any CPU.ActiveCfg = Release|Any CPU
		{CAA7E4C6-83D9-4257-89A2-8E813133DAEE}.Release|Any CPU.Build.0 = Release|Any CPU
	EndGlobalSection
	GlobalSection(SolutionProperties) = preSolution
		HideSolutionNode = FALSE
	EndGlobalSection
	GlobalSection(ExtensibilityGlobals) = postSolution
		SolutionGuid = {AA21C4D9-FA50-455F-AEB7-C030BB16976A}
	EndGlobalSection
EndGlobal
