
Microsoft Visual Studio Solution File, Format Version 12.00
# Visual Studio Version 17
VisualStudioVersion = 17.0.32112.339
MinimumVisualStudioVersion = 10.0.40219.1
Project("{FAE04EC0-301F-11D3-BF4B-00C04F79EFBC}") = "ToDo.Server", "Server\ToDo.Server.csproj", "{D24B9A1B-A81A-4925-9D89-8C83394E5DF1}"
EndProject
Project("{FAE04EC0-301F-11D3-BF4B-00C04F79EFBC}") = "ToDo.Client", "Client\ToDo.Client.csproj", "{5EF48A66-937C-47A4-983C-6E588461069B}"
EndProject
Project("{FAE04EC0-301F-11D3-BF4B-00C04F79EFBC}") = "ToDo.Shared", "Shared\ToDo.Shared.csproj", "{AEF8B870-A3D9-4676-AC70-273BA37714A4}"
EndProject
Global
	GlobalSection(SolutionConfigurationPlatforms) = preSolution
		Debug|Any CPU = Debug|Any CPU
		Release|Any CPU = Release|Any CPU
	EndGlobalSection
	GlobalSection(ProjectConfigurationPlatforms) = postSolution
		{D24B9A1B-A81A-4925-9D89-8C83394E5DF1}.Debug|Any CPU.ActiveCfg = Debug|Any CPU
		{D24B9A1B-A81A-4925-9D89-8C83394E5DF1}.Debug|Any CPU.Build.0 = Debug|Any CPU
		{D24B9A1B-A81A-4925-9D89-8C83394E5DF1}.Release|Any CPU.ActiveCfg = Release|Any CPU
		{D24B9A1B-A81A-4925-9D89-8C83394E5DF1}.Release|Any CPU.Build.0 = Release|Any CPU
		{5EF48A66-937C-47A4-983C-6E588461069B}.Debug|Any CPU.ActiveCfg = Debug|Any CPU
		{5EF48A66-937C-47A4-983C-6E588461069B}.Debug|Any CPU.Build.0 = Debug|Any CPU
		{5EF48A66-937C-47A4-983C-6E588461069B}.Release|Any CPU.ActiveCfg = Release|Any CPU
		{5EF48A66-937C-47A4-983C-6E588461069B}.Release|Any CPU.Build.0 = Release|Any CPU
		{AEF8B870-A3D9-4676-AC70-273BA37714A4}.Debug|Any CPU.ActiveCfg = Debug|Any CPU
		{AEF8B870-A3D9-4676-AC70-273BA37714A4}.Debug|Any CPU.Build.0 = Debug|Any CPU
		{AEF8B870-A3D9-4676-AC70-273BA37714A4}.Release|Any CPU.ActiveCfg = Release|Any CPU
		{AEF8B870-A3D9-4676-AC70-273BA37714A4}.Release|Any CPU.Build.0 = Release|Any CPU
	EndGlobalSection
	GlobalSection(SolutionProperties) = preSolution
		HideSolutionNode = FALSE
	EndGlobalSection
	GlobalSection(ExtensibilityGlobals) = postSolution
		SolutionGuid = {1ADA0E62-2216-4372-8372-84F84A909B33}
	EndGlobalSection
EndGlobal
