
Microsoft Visual Studio Solution File, Format Version 12.00
# Visual Studio Version 17
VisualStudioVersion = 17.0.31903.59
MinimumVisualStudioVersion = 10.0.40219.1
Project("{9A19103F-16F7-4668-BE54-9A1E7A4F7556}") = "Samples.Api", "src\api\Samples.Api.csproj", "{A71BFC07-E224-43D0-9168-841842288B3F}"
EndProject
Project("{9A19103F-16F7-4668-BE54-9A1E7A4F7556}") = "Samples.Model", "src\model\Samples.Model.csproj", "{32D1DD74-2A4A-458D-9B8F-7F689579EA39}"
EndProject
Project("{9A19103F-16F7-4668-BE54-9A1E7A4F7556}") = "ToDoList", "src\ToDoList\ToDoList.csproj", "{7BF30F41-7F87-473C-8D57-6F5F29E98120}"
EndProject
Project("{FAE04EC0-301F-11D3-BF4B-00C04F79EFBC}") = "ToDoList.Test", "test\ToDoList\ToDoList.Test.csproj", "{55F08AAB-929B-4700-9810-839EC23EA4C2}"
EndProject
Project("{2150E333-8FDC-42A3-9474-1A3956D46DE8}") = "Solution Items", "Solution Items", "{191C771A-9B74-4F23-A5BE-09C597E968C4}"
	ProjectSection(SolutionItems) = preProject
		..\Directory.Build.targets = ..\Directory.Build.targets
		..\Packages.props = ..\Packages.props
	EndProjectSection
EndProject
Global
	GlobalSection(SolutionConfigurationPlatforms) = preSolution
		Debug|Any CPU = Debug|Any CPU
		Release|Any CPU = Release|Any CPU
	EndGlobalSection
	GlobalSection(ProjectConfigurationPlatforms) = postSolution
		{A71BFC07-E224-43D0-9168-841842288B3F}.Debug|Any CPU.ActiveCfg = Debug|Any CPU
		{A71BFC07-E224-43D0-9168-841842288B3F}.Debug|Any CPU.Build.0 = Debug|Any CPU
		{A71BFC07-E224-43D0-9168-841842288B3F}.Release|Any CPU.ActiveCfg = Release|Any CPU
		{A71BFC07-E224-43D0-9168-841842288B3F}.Release|Any CPU.Build.0 = Release|Any CPU
		{32D1DD74-2A4A-458D-9B8F-7F689579EA39}.Debug|Any CPU.ActiveCfg = Debug|Any CPU
		{32D1DD74-2A4A-458D-9B8F-7F689579EA39}.Debug|Any CPU.Build.0 = Debug|Any CPU
		{32D1DD74-2A4A-458D-9B8F-7F689579EA39}.Release|Any CPU.ActiveCfg = Release|Any CPU
		{32D1DD74-2A4A-458D-9B8F-7F689579EA39}.Release|Any CPU.Build.0 = Release|Any CPU
		{7BF30F41-7F87-473C-8D57-6F5F29E98120}.Debug|Any CPU.ActiveCfg = Debug|Any CPU
		{7BF30F41-7F87-473C-8D57-6F5F29E98120}.Debug|Any CPU.Build.0 = Debug|Any CPU
		{7BF30F41-7F87-473C-8D57-6F5F29E98120}.Release|Any CPU.ActiveCfg = Release|Any CPU
		{7BF30F41-7F87-473C-8D57-6F5F29E98120}.Release|Any CPU.Build.0 = Release|Any CPU
		{55F08AAB-929B-4700-9810-839EC23EA4C2}.Debug|Any CPU.ActiveCfg = Debug|Any CPU
		{55F08AAB-929B-4700-9810-839EC23EA4C2}.Debug|Any CPU.Build.0 = Debug|Any CPU
		{55F08AAB-929B-4700-9810-839EC23EA4C2}.Release|Any CPU.ActiveCfg = Release|Any CPU
		{55F08AAB-929B-4700-9810-839EC23EA4C2}.Release|Any CPU.Build.0 = Release|Any CPU
	EndGlobalSection
	GlobalSection(SolutionProperties) = preSolution
		HideSolutionNode = FALSE
	EndGlobalSection
	GlobalSection(ExtensibilityGlobals) = postSolution
		SolutionGuid = {D132D08A-B881-4F18-A792-F94343880B10}
	EndGlobalSection
EndGlobal
