
Microsoft Visual Studio Solution File, Format Version 12.00
# Visual Studio Version 16
VisualStudioVersion = 16.0.31424.327
MinimumVisualStudioVersion = 10.0.40219.1
Project("{9A19103F-16F7-4668-BE54-9A1E7A4F7556}") = "ToDoList.Server", "Server\ToDoList.Server.csproj", "{F1A6CA0D-C445-40F7-8157-6A457765B8F1}"
EndProject
Project("{9A19103F-16F7-4668-BE54-9A1E7A4F7556}") = "ToDoList.Client", "Client\ToDoList.Client.csproj", "{D733502B-5249-406E-AE8D-1FC6A82406DE}"
EndProject
Project("{9A19103F-16F7-4668-BE54-9A1E7A4F7556}") = "ToDoList.Shared", "Shared\ToDoList.Shared.csproj", "{C17A983E-AEA6-40FC-8CA8-39E1458982F7}"
EndProject
Global
	GlobalSection(SolutionConfigurationPlatforms) = preSolution
		Debug|Any CPU = Debug|Any CPU
		Release|Any CPU = Release|Any CPU
	EndGlobalSection
	GlobalSection(ProjectConfigurationPlatforms) = postSolution
		{F1A6CA0D-C445-40F7-8157-6A457765B8F1}.Debug|Any CPU.ActiveCfg = Debug|Any CPU
		{F1A6CA0D-C445-40F7-8157-6A457765B8F1}.Debug|Any CPU.Build.0 = Debug|Any CPU
		{F1A6CA0D-C445-40F7-8157-6A457765B8F1}.Release|Any CPU.ActiveCfg = Release|Any CPU
		{F1A6CA0D-C445-40F7-8157-6A457765B8F1}.Release|Any CPU.Build.0 = Release|Any CPU
		{D733502B-5249-406E-AE8D-1FC6A82406DE}.Debug|Any CPU.ActiveCfg = Debug|Any CPU
		{D733502B-5249-406E-AE8D-1FC6A82406DE}.Debug|Any CPU.Build.0 = Debug|Any CPU
		{D733502B-5249-406E-AE8D-1FC6A82406DE}.Release|Any CPU.ActiveCfg = Release|Any CPU
		{D733502B-5249-406E-AE8D-1FC6A82406DE}.Release|Any CPU.Build.0 = Release|Any CPU
		{C17A983E-AEA6-40FC-8CA8-39E1458982F7}.Debug|Any CPU.ActiveCfg = Debug|Any CPU
		{C17A983E-AEA6-40FC-8CA8-39E1458982F7}.Debug|Any CPU.Build.0 = Debug|Any CPU
		{C17A983E-AEA6-40FC-8CA8-39E1458982F7}.Release|Any CPU.ActiveCfg = Release|Any CPU
		{C17A983E-AEA6-40FC-8CA8-39E1458982F7}.Release|Any CPU.Build.0 = Release|Any CPU
	EndGlobalSection
	GlobalSection(SolutionProperties) = preSolution
		HideSolutionNode = FALSE
	EndGlobalSection
	GlobalSection(ExtensibilityGlobals) = postSolution
		SolutionGuid = {570B8880-D160-4A18-8F02-5DDCC550EE97}
	EndGlobalSection
EndGlobal
